github.com/gorilla/mux v1.8.0 h1:i40aqfkR1h2SlN9hojwV5ZA91wcXFOvkdNIeFDP5koI=
github.com/gorilla/mux v1.8.0/go.mod h1:DVbg23sWSpFRCP0SfiEN6jmj59UnW/n46BH5rLB71So=
github.com/gorilla/websocket v1.5.0 h1:PPwGk2jz7EePpoHN/+ClbZu8SPxiqlu12wZP/3sWmnc=
github.com/gorilla/websocket v1.5.0/go.mod h1:YR8l580nyteQvAITg2hZ9XVh4b55+EU/adAjf1fMHhE=
github.com/peknur/nginx-unit-sdk v0.3.0 h1:8aZFfMm5kTc0cTh7JdyyvvU9VOw//1biTTp+4VBhaWI=
github.com/peknur/nginx-unit-sdk v0.3.0/go.mod h1:/Pq3XrXjE+OIUqy5N56UXopaE03tnjQWP7ZR51W7/Xo=
github.com/rs/cors v1.10.0 h1:62NOS1h+r8p1mW6FM0FSB0exioXLhd/sh15KpjWBZ+8=
github.com/rs/cors v1.10.0/go.mod h1:XyqrcTp5zjWr1wsJ8PIRZssZ8b/WMcMf71DJnit4EMU=
